<?xml version="1.0"?>
<plist version="1.0">
	<dict>
		<key>archiveVersion</key>
		<string>1</string>
		<key>classes</key>
		<dict />
		<key>objectVersion</key>
		<string>46</string>
		<key>objects</key>
		<dict>
			<key>A19AF984E9B4105A8F64E4EC</key>
			<dict>
				<key>explicitFileType</key>
				<string>sourcecode.c.h</string>
				<key>fileEncoding</key>
				<string>30</string>
				<key>isa</key>
				<string>PBXFileReference</string>
				<key>name</key>
				<string>ofxTween.h</string>
				<key>path</key>
				<string>../../../../addons/ofxTween/src/ofxTween.h</string>
				<key>sourceTree</key>
				<string>SOURCE_ROOT</string>
			</dict>
			<key>5714535CC357B29C9BA2C715</key>
			<dict>
				<key>fileRef</key>
				<string>86241A94D27D89E6C5F1A8BA</string>
				<key>isa</key>
				<string>PBXBuildFile</string>
			</dict>
			<key>86241A94D27D89E6C5F1A8BA</key>
			<dict>
				<key>explicitFileType</key>
				<string>sourcecode.cpp.cpp</string>
				<key>fileEncoding</key>
				<string>30</string>
				<key>isa</key>
				<string>PBXFileReference</string>
				<key>name</key>
				<string>ofxTween.cpp</string>
				<key>path</key>
				<string>../../../../addons/ofxTween/src/ofxTween.cpp</string>
				<key>sourceTree</key>
				<string>SOURCE_ROOT</string>
			</dict>
			<key>9D0424DB43BDD62E3A2D8F60</key>
			<dict>
				<key>explicitFileType</key>
				<string>sourcecode.c.h</string>
				<key>fileEncoding</key>
				<string>30</string>
				<key>isa</key>
				<string>PBXFileReference</string>
				<key>name</key>
				<string>ofxEasingSine.h</string>
				<key>path</key>
				<string>../../../../addons/ofxTween/src/Easings/ofxEasingSine.h</string>
				<key>sourceTree</key>
				<string>SOURCE_ROOT</string>
			</dict>
			<key>63CEBD0D6130B08B599C6C30</key>
			<dict>
				<key>fileRef</key>
				<string>05B3CD72F404F949CAA52FB4</string>
				<key>isa</key>
				<string>PBXBuildFile</string>
			</dict>
			<key>05B3CD72F404F949CAA52FB4</key>
			<dict>
				<key>explicitFileType</key>
				<string>sourcecode.cpp.cpp</string>
				<key>fileEncoding</key>
				<string>30</string>
				<key>isa</key>
				<string>PBXFileReference</string>
				<key>name</key>
				<string>ofxEasingSine.cpp</string>
				<key>path</key>
				<string>../../../../addons/ofxTween/src/Easings/ofxEasingSine.cpp</string>
				<key>sourceTree</key>
				<string>SOURCE_ROOT</string>
			</dict>
			<key>AD6CBD88FD7160DBE2B2A131</key>
			<dict>
				<key>explicitFileType</key>
				<string>sourcecode.c.h</string>
				<key>fileEncoding</key>
				<string>30</string>
				<key>isa</key>
				<string>PBXFileReference</string>
				<key>name</key>
				<string>ofxEasingQuint.h</string>
				<key>path</key>
				<string>../../../../addons/ofxTween/src/Easings/ofxEasingQuint.h</string>
				<key>sourceTree</key>
				<string>SOURCE_ROOT</string>
			</dict>
			<key>98E8801147B3EF88ED0E72C7</key>
			<dict>
				<key>fileRef</key>
				<string>4701741F5A8DBFF23DDCFF2E</string>
				<key>isa</key>
				<string>PBXBuildFile</string>
			</dict>
			<key>4701741F5A8DBFF23DDCFF2E</key>
			<dict>
				<key>explicitFileType</key>
				<string>sourcecode.cpp.cpp</string>
				<key>fileEncoding</key>
				<string>30</string>
				<key>isa</key>
				<string>PBXFileReference</string>
				<key>name</key>
				<string>ofxEasingQuint.cpp</string>
				<key>path</key>
				<string>../../../../addons/ofxTween/src/Easings/ofxEasingQuint.cpp</string>
				<key>sourceTree</key>
				<string>SOURCE_ROOT</string>
			</dict>
			<key>C3B46D11B61EA294A92AC678</key>
			<dict>
				<key>explicitFileType</key>
				<string>sourcecode.c.h</string>
				<key>fileEncoding</key>
				<string>30</string>
				<key>isa</key>
				<string>PBXFileReference</string>
				<key>name</key>
				<string>ofxEasingQuart.h</string>
				<key>path</key>
				<string>../../../../addons/ofxTween/src/Easings/ofxEasingQuart.h</string>
				<key>sourceTree</key>
				<string>SOURCE_ROOT</string>
			</dict>
			<key>9324D43148AC6592A8BD644F</key>
			<dict>
				<key>fileRef</key>
				<string>B09B6960A12A6611C352438D</string>
				<key>isa</key>
				<string>PBXBuildFile</string>
			</dict>
			<key>B09B6960A12A6611C352438D</key>
			<dict>
				<key>explicitFileType</key>
				<string>sourcecode.cpp.cpp</string>
				<key>fileEncoding</key>
				<string>30</string>
				<key>isa</key>
				<string>PBXFileReference</string>
				<key>name</key>
				<string>ofxEasingQuart.cpp</string>
				<key>path</key>
				<string>../../../../addons/ofxTween/src/Easings/ofxEasingQuart.cpp</string>
				<key>sourceTree</key>
				<string>SOURCE_ROOT</string>
			</dict>
			<key>27F0078CA3332A87FF5F0437</key>
			<dict>
				<key>explicitFileType</key>
				<string>sourcecode.c.h</string>
				<key>fileEncoding</key>
				<string>30</string>
				<key>isa</key>
				<string>PBXFileReference</string>
				<key>name</key>
				<string>ofxEasingQuad.h</string>
				<key>path</key>
				<string>../../../../addons/ofxTween/src/Easings/ofxEasingQuad.h</string>
				<key>sourceTree</key>
				<string>SOURCE_ROOT</string>
			</dict>
			<key>08E90362EEF2B16C789D481C</key>
			<dict>
				<key>fileRef</key>
				<string>F165349783CF63E2A7EDFE82</string>
				<key>isa</key>
				<string>PBXBuildFile</string>
			</dict>
			<key>F165349783CF63E2A7EDFE82</key>
			<dict>
				<key>explicitFileType</key>
				<string>sourcecode.cpp.cpp</string>
				<key>fileEncoding</key>
				<string>30</string>
				<key>isa</key>
				<string>PBXFileReference</string>
				<key>name</key>
				<string>ofxEasingQuad.cpp</string>
				<key>path</key>
				<string>../../../../addons/ofxTween/src/Easings/ofxEasingQuad.cpp</string>
				<key>sourceTree</key>
				<string>SOURCE_ROOT</string>
			</dict>
			<key>011673133F11B18B0C237BF7</key>
			<dict>
				<key>explicitFileType</key>
				<string>sourcecode.c.h</string>
				<key>fileEncoding</key>
				<string>30</string>
				<key>isa</key>
				<string>PBXFileReference</string>
				<key>name</key>
				<string>ofxEasingLinear.h</string>
				<key>path</key>
				<string>../../../../addons/ofxTween/src/Easings/ofxEasingLinear.h</string>
				<key>sourceTree</key>
				<string>SOURCE_ROOT</string>
			</dict>
			<key>B78B28B461F6B4A3A88BB241</key>
			<dict>
				<key>fileRef</key>
				<string>E05A790E46DDF721C629B258</string>
				<key>isa</key>
				<string>PBXBuildFile</string>
			</dict>
			<key>E05A790E46DDF721C629B258</key>
			<dict>
				<key>explicitFileType</key>
				<string>sourcecode.cpp.cpp</string>
				<key>fileEncoding</key>
				<string>30</string>
				<key>isa</key>
				<string>PBXFileReference</string>
				<key>name</key>
				<string>ofxEasingLinear.cpp</string>
				<key>path</key>
				<string>../../../../addons/ofxTween/src/Easings/ofxEasingLinear.cpp</string>
				<key>sourceTree</key>
				<string>SOURCE_ROOT</string>
			</dict>
			<key>4D1ADC35C9996C0374A4138F</key>
			<dict>
				<key>explicitFileType</key>
				<string>sourcecode.c.h</string>
				<key>fileEncoding</key>
				<string>30</string>
				<key>isa</key>
				<string>PBXFileReference</string>
				<key>name</key>
				<string>ofxEasingExpo.h</string>
				<key>path</key>
				<string>../../../../addons/ofxTween/src/Easings/ofxEasingExpo.h</string>
				<key>sourceTree</key>
				<string>SOURCE_ROOT</string>
			</dict>
			<key>88D149C99AC956E772300E64</key>
			<dict>
				<key>fileRef</key>
				<string>1B51B0617B53313EF372AECE</string>
				<key>isa</key>
				<string>PBXBuildFile</string>
			</dict>
			<key>1B51B0617B53313EF372AECE</key>
			<dict>
				<key>explicitFileType</key>
				<string>sourcecode.cpp.cpp</string>
				<key>fileEncoding</key>
				<string>30</string>
				<key>isa</key>
				<string>PBXFileReference</string>
				<key>name</key>
				<string>ofxEasingExpo.cpp</string>
				<key>path</key>
				<string>../../../../addons/ofxTween/src/Easings/ofxEasingExpo.cpp</string>
				<key>sourceTree</key>
				<string>SOURCE_ROOT</string>
			</dict>
			<key>FE447F95CA3A7FDA3877AE3F</key>
			<dict>
				<key>explicitFileType</key>
				<string>sourcecode.c.h</string>
				<key>fileEncoding</key>
				<string>30</string>
				<key>isa</key>
				<string>PBXFileReference</string>
				<key>name</key>
				<string>ofxEasingElastic.h</string>
				<key>path</key>
				<string>../../../../addons/ofxTween/src/Easings/ofxEasingElastic.h</string>
				<key>sourceTree</key>
				<string>SOURCE_ROOT</string>
			</dict>
			<key>8BE1D9422825BDBA6F96EEFC</key>
			<dict>
				<key>fileRef</key>
				<string>FFE143E11F8512668EFA1A88</string>
				<key>isa</key>
				<string>PBXBuildFile</string>
			</dict>
			<key>FFE143E11F8512668EFA1A88</key>
			<dict>
				<key>explicitFileType</key>
				<string>sourcecode.cpp.cpp</string>
				<key>fileEncoding</key>
				<string>30</string>
				<key>isa</key>
				<string>PBXFileReference</string>
				<key>name</key>
				<string>ofxEasingElastic.cpp</string>
				<key>path</key>
				<string>../../../../addons/ofxTween/src/Easings/ofxEasingElastic.cpp</string>
				<key>sourceTree</key>
				<string>SOURCE_ROOT</string>
			</dict>
			<key>D589F4F30EB8F17B8B19FC81</key>
			<dict>
				<key>explicitFileType</key>
				<string>sourcecode.c.h</string>
				<key>fileEncoding</key>
				<string>30</string>
				<key>isa</key>
				<string>PBXFileReference</string>
				<key>name</key>
				<string>ofxEasingCubic.h</string>
				<key>path</key>
				<string>../../../../addons/ofxTween/src/Easings/ofxEasingCubic.h</string>
				<key>sourceTree</key>
				<string>SOURCE_ROOT</string>
			</dict>
			<key>0C89869DF25BF22FB5FA5811</key>
			<dict>
				<key>fileRef</key>
				<string>4241E648F0194E60323FA035</string>
				<key>isa</key>
				<string>PBXBuildFile</string>
			</dict>
			<key>4241E648F0194E60323FA035</key>
			<dict>
				<key>explicitFileType</key>
				<string>sourcecode.cpp.cpp</string>
				<key>fileEncoding</key>
				<string>30</string>
				<key>isa</key>
				<string>PBXFileReference</string>
				<key>name</key>
				<string>ofxEasingCubic.cpp</string>
				<key>path</key>
				<string>../../../../addons/ofxTween/src/Easings/ofxEasingCubic.cpp</string>
				<key>sourceTree</key>
				<string>SOURCE_ROOT</string>
			</dict>
			<key>BA03F2DDF37A75148CC4E670</key>
			<dict>
				<key>explicitFileType</key>
				<string>sourcecode.c.h</string>
				<key>fileEncoding</key>
				<string>30</string>
				<key>isa</key>
				<string>PBXFileReference</string>
				<key>name</key>
				<string>ofxEasingCirc.h</string>
				<key>path</key>
				<string>../../../../addons/ofxTween/src/Easings/ofxEasingCirc.h</string>
				<key>sourceTree</key>
				<string>SOURCE_ROOT</string>
			</dict>
			<key>4E6DDEBE3458B654FFFCE9C4</key>
			<dict>
				<key>fileRef</key>
				<string>2CF9906E7D78B7D2E373503A</string>
				<key>isa</key>
				<string>PBXBuildFile</string>
			</dict>
			<key>2CF9906E7D78B7D2E373503A</key>
			<dict>
				<key>explicitFileType</key>
				<string>sourcecode.cpp.cpp</string>
				<key>fileEncoding</key>
				<string>30</string>
				<key>isa</key>
				<string>PBXFileReference</string>
				<key>name</key>
				<string>ofxEasingCirc.cpp</string>
				<key>path</key>
				<string>../../../../addons/ofxTween/src/Easings/ofxEasingCirc.cpp</string>
				<key>sourceTree</key>
				<string>SOURCE_ROOT</string>
			</dict>
			<key>27C1C12A40A4881C39A7DCB4</key>
			<dict>
				<key>explicitFileType</key>
				<string>sourcecode.c.h</string>
				<key>fileEncoding</key>
				<string>30</string>
				<key>isa</key>
				<string>PBXFileReference</string>
				<key>name</key>
				<string>ofxEasingBounce.h</string>
				<key>path</key>
				<string>../../../../addons/ofxTween/src/Easings/ofxEasingBounce.h</string>
				<key>sourceTree</key>
				<string>SOURCE_ROOT</string>
			</dict>
			<key>31D42FFF97F7A6EB7F836DD6</key>
			<dict>
				<key>fileRef</key>
				<string>FA7EDB048E3F847EA37DF570</string>
				<key>isa</key>
				<string>PBXBuildFile</string>
			</dict>
			<key>FA7EDB048E3F847EA37DF570</key>
			<dict>
				<key>explicitFileType</key>
				<string>sourcecode.cpp.cpp</string>
				<key>fileEncoding</key>
				<string>30</string>
				<key>isa</key>
				<string>PBXFileReference</string>
				<key>name</key>
				<string>ofxEasingBounce.cpp</string>
				<key>path</key>
				<string>../../../../addons/ofxTween/src/Easings/ofxEasingBounce.cpp</string>
				<key>sourceTree</key>
				<string>SOURCE_ROOT</string>
			</dict>
			<key>79B3FE10AAE6335D04AE44BF</key>
			<dict>
				<key>explicitFileType</key>
				<string>sourcecode.c.h</string>
				<key>fileEncoding</key>
				<string>30</string>
				<key>isa</key>
				<string>PBXFileReference</string>
				<key>name</key>
				<string>ofxEasingBack.h</string>
				<key>path</key>
				<string>../../../../addons/ofxTween/src/Easings/ofxEasingBack.h</string>
				<key>sourceTree</key>
				<string>SOURCE_ROOT</string>
			</dict>
			<key>57A8574977B1119180C8C770</key>
			<dict>
				<key>fileRef</key>
				<string>E8DF6673D9EA1A78FAB74B3E</string>
				<key>isa</key>
				<string>PBXBuildFile</string>
			</dict>
			<key>E8DF6673D9EA1A78FAB74B3E</key>
			<dict>
				<key>explicitFileType</key>
				<string>sourcecode.cpp.cpp</string>
				<key>fileEncoding</key>
				<string>30</string>
				<key>isa</key>
				<string>PBXFileReference</string>
				<key>name</key>
				<string>ofxEasingBack.cpp</string>
				<key>path</key>
				<string>../../../../addons/ofxTween/src/Easings/ofxEasingBack.cpp</string>
				<key>sourceTree</key>
				<string>SOURCE_ROOT</string>
			</dict>
			<key>1EAFD4A14726A21F81B51073</key>
			<dict>
				<key>explicitFileType</key>
				<string>sourcecode.c.h</string>
				<key>fileEncoding</key>
				<string>30</string>
				<key>isa</key>
				<string>PBXFileReference</string>
				<key>name</key>
				<string>ofxEasing.h</string>
				<key>path</key>
				<string>../../../../addons/ofxTween/src/Easings/ofxEasing.h</string>
				<key>sourceTree</key>
				<string>SOURCE_ROOT</string>
			</dict>
			<key>97EAD59D8036B7711F842AA1</key>
			<dict>
				<key>fileRef</key>
				<string>C59424B043DDC8D38B679B22</string>
				<key>isa</key>
				<string>PBXBuildFile</string>
			</dict>
			<key>C59424B043DDC8D38B679B22</key>
			<dict>
				<key>explicitFileType</key>
				<string>sourcecode.cpp.cpp</string>
				<key>fileEncoding</key>
				<string>30</string>
				<key>isa</key>
				<string>PBXFileReference</string>
				<key>name</key>
				<string>ofxEasing.cpp</string>
				<key>path</key>
				<string>../../../../addons/ofxTween/src/Easings/ofxEasing.cpp</string>
				<key>sourceTree</key>
				<string>SOURCE_ROOT</string>
			</dict>
			<key>B59DDD3C0EB9FFC71F28869B</key>
			<dict>
				<key>children</key>
				<array>
					<string>E4697480B19B6C98692D840F</string>
					<string>C59424B043DDC8D38B679B22</string>
					<string>1EAFD4A14726A21F81B51073</string>
					<string>E8DF6673D9EA1A78FAB74B3E</string>
					<string>79B3FE10AAE6335D04AE44BF</string>
					<string>FA7EDB048E3F847EA37DF570</string>
					<string>27C1C12A40A4881C39A7DCB4</string>
					<string>2CF9906E7D78B7D2E373503A</string>
					<string>BA03F2DDF37A75148CC4E670</string>
					<string>4241E648F0194E60323FA035</string>
					<string>D589F4F30EB8F17B8B19FC81</string>
					<string>FFE143E11F8512668EFA1A88</string>
					<string>FE447F95CA3A7FDA3877AE3F</string>
					<string>1B51B0617B53313EF372AECE</string>
					<string>4D1ADC35C9996C0374A4138F</string>
					<string>E05A790E46DDF721C629B258</string>
					<string>011673133F11B18B0C237BF7</string>
					<string>F165349783CF63E2A7EDFE82</string>
					<string>27F0078CA3332A87FF5F0437</string>
					<string>B09B6960A12A6611C352438D</string>
					<string>C3B46D11B61EA294A92AC678</string>
					<string>4701741F5A8DBFF23DDCFF2E</string>
					<string>AD6CBD88FD7160DBE2B2A131</string>
					<string>05B3CD72F404F949CAA52FB4</string>
					<string>9D0424DB43BDD62E3A2D8F60</string>
				</array>
				<key>isa</key>
				<string>PBXGroup</string>
				<key>name</key>
				<string>Easings</string>
				<key>sourceTree</key>
				<string>&lt;group&gt;</string>
			</dict>
			<key>81B62DB6C371DAD643503FEF</key>
			<dict>
				<key>children</key>
				<array>
					<string>B59DDD3C0EB9FFC71F28869B</string>
					<string>86241A94D27D89E6C5F1A8BA</string>
					<string>A19AF984E9B4105A8F64E4EC</string>
				</array>
				<key>isa</key>
				<string>PBXGroup</string>
				<key>name</key>
				<string>src</string>
				<key>sourceTree</key>
				<string>&lt;group&gt;</string>
			</dict>
			<key>1F293A20D2B096D59C4F24DD</key>
			<dict>
				<key>children</key>
				<array>
					<string>81B62DB6C371DAD643503FEF</string>
				</array>
				<key>isa</key>
				<string>PBXGroup</string>
				<key>name</key>
				<string>ofxTween</string>
				<key>sourceTree</key>
				<string>&lt;group&gt;</string>
			</dict>
			<key>1F2524C9643361B25AD6682D</key>
			<dict>
				<key>fileRef</key>
				<string>E4697480B19B6C98692D840F</string>
				<key>isa</key>
				<string>PBXBuildFile</string>
			</dict>
			<key>E4697480B19B6C98692D840F</key>
			<dict>
				<key>explicitFileType</key>
				<string>file</string>
				<key>fileEncoding</key>
				<string>30</string>
				<key>isa</key>
				<string>PBXFileReference</string>
				<key>name</key>
				<string>easing_terms_of_use.html</string>
				<key>path</key>
				<string>../../../../addons/ofxTween/src/Easings/easing_terms_of_use.html</string>
				<key>sourceTree</key>
				<string>SOURCE_ROOT</string>
			</dict>
			<key>60E3B53826C4BAD446BB35FA</key>
			<dict>
				<key>explicitFileType</key>
				<string>sourcecode.c.h</string>
				<key>fileEncoding</key>
				<string>30</string>
				<key>isa</key>
				<string>PBXFileReference</string>
				<key>name</key>
				<string>ofxUDPManager.h</string>
				<key>path</key>
				<string>../../../../addons/ofxNetwork/src/ofxUDPManager.h</string>
				<key>sourceTree</key>
				<string>SOURCE_ROOT</string>
			</dict>
			<key>23D388F6E18E81CF0B36A5B5</key>
			<dict>
				<key>fileRef</key>
				<string>7740E1646FA209A2ED91D32B</string>
				<key>isa</key>
				<string>PBXBuildFile</string>
			</dict>
			<key>7740E1646FA209A2ED91D32B</key>
			<dict>
				<key>explicitFileType</key>
				<string>sourcecode.cpp.cpp</string>
				<key>fileEncoding</key>
				<string>30</string>
				<key>isa</key>
				<string>PBXFileReference</string>
				<key>name</key>
				<string>ofxUDPManager.cpp</string>
				<key>path</key>
				<string>../../../../addons/ofxNetwork/src/ofxUDPManager.cpp</string>
				<key>sourceTree</key>
				<string>SOURCE_ROOT</string>
			</dict>
			<key>EB76E8381D695278A8CBD4B5</key>
			<dict>
				<key>explicitFileType</key>
				<string>sourcecode.c.h</string>
				<key>fileEncoding</key>
				<string>30</string>
				<key>isa</key>
				<string>PBXFileReference</string>
				<key>name</key>
				<string>ofxTCPServer.h</string>
				<key>path</key>
				<string>../../../../addons/ofxNetwork/src/ofxTCPServer.h</string>
				<key>sourceTree</key>
				<string>SOURCE_ROOT</string>
			</dict>
			<key>94086A44E5B465B303B989B5</key>
			<dict>
				<key>fileRef</key>
				<string>3C566B0A8F9BCF523795C45E</string>
				<key>isa</key>
				<string>PBXBuildFile</string>
			</dict>
			<key>3C566B0A8F9BCF523795C45E</key>
			<dict>
				<key>explicitFileType</key>
				<string>sourcecode.cpp.cpp</string>
				<key>fileEncoding</key>
				<string>30</string>
				<key>isa</key>
				<string>PBXFileReference</string>
				<key>name</key>
				<string>ofxTCPServer.cpp</string>
				<key>path</key>
				<string>../../../../addons/ofxNetwork/src/ofxTCPServer.cpp</string>
				<key>sourceTree</key>
				<string>SOURCE_ROOT</string>
			</dict>
			<key>2AB702C5ECE801398D50D21E</key>
			<dict>
				<key>explicitFileType</key>
				<string>sourcecode.c.h</string>
				<key>fileEncoding</key>
				<string>30</string>
				<key>isa</key>
				<string>PBXFileReference</string>
				<key>name</key>
				<string>ofxTCPManager.h</string>
				<key>path</key>
				<string>../../../../addons/ofxNetwork/src/ofxTCPManager.h</string>
				<key>sourceTree</key>
				<string>SOURCE_ROOT</string>
			</dict>
			<key>0B7A3144BD0BF8CDD536DE68</key>
			<dict>
				<key>fileRef</key>
				<string>DC9E8D90C15023FD3B68B54A</string>
				<key>isa</key>
				<string>PBXBuildFile</string>
			</dict>
			<key>DC9E8D90C15023FD3B68B54A</key>
			<dict>
				<key>explicitFileType</key>
				<string>sourcecode.cpp.cpp</string>
				<key>fileEncoding</key>
				<string>30</string>
				<key>isa</key>
				<string>PBXFileReference</string>
				<key>name</key>
				<string>ofxTCPManager.cpp</string>
				<key>path</key>
				<string>../../../../addons/ofxNetwork/src/ofxTCPManager.cpp</string>
				<key>sourceTree</key>
				<string>SOURCE_ROOT</string>
			</dict>
			<key>D19EC91A3CF69E9BC6F2764C</key>
			<dict>
				<key>explicitFileType</key>
				<string>sourcecode.c.h</string>
				<key>fileEncoding</key>
				<string>30</string>
				<key>isa</key>
				<string>PBXFileReference</string>
				<key>name</key>
				<string>ofxTCPClient.h</string>
				<key>path</key>
				<string>../../../../addons/ofxNetwork/src/ofxTCPClient.h</string>
				<key>sourceTree</key>
				<string>SOURCE_ROOT</string>
			</dict>
			<key>8FCFCBC716EB09A8D1EF20DF</key>
			<dict>
				<key>fileRef</key>
				<string>C6094F88E3C90C235AD25EF8</string>
				<key>isa</key>
				<string>PBXBuildFile</string>
			</dict>
			<key>C6094F88E3C90C235AD25EF8</key>
			<dict>
				<key>explicitFileType</key>
				<string>sourcecode.cpp.cpp</string>
				<key>fileEncoding</key>
				<string>30</string>
				<key>isa</key>
				<string>PBXFileReference</string>
				<key>name</key>
				<string>ofxTCPClient.cpp</string>
				<key>path</key>
				<string>../../../../addons/ofxNetwork/src/ofxTCPClient.cpp</string>
				<key>sourceTree</key>
				<string>SOURCE_ROOT</string>
			</dict>
			<key>3811353B135BBA712FE4C572</key>
			<dict>
				<key>explicitFileType</key>
				<string>sourcecode.c.h</string>
				<key>fileEncoding</key>
				<string>30</string>
				<key>isa</key>
				<string>PBXFileReference</string>
				<key>name</key>
				<string>ofxNetworkUtils.h</string>
				<key>path</key>
				<string>../../../../addons/ofxNetwork/src/ofxNetworkUtils.h</string>
				<key>sourceTree</key>
				<string>SOURCE_ROOT</string>
			</dict>
			<key>219374A14594D121F27FED3A</key>
			<dict>
				<key>children</key>
				<array>
					<string>2F84E7DC40A0E05B51F01E40</string>
					<string>3811353B135BBA712FE4C572</string>
					<string>C6094F88E3C90C235AD25EF8</string>
					<string>D19EC91A3CF69E9BC6F2764C</string>
					<string>DC9E8D90C15023FD3B68B54A</string>
					<string>2AB702C5ECE801398D50D21E</string>
					<string>3C566B0A8F9BCF523795C45E</string>
					<string>EB76E8381D695278A8CBD4B5</string>
					<string>7740E1646FA209A2ED91D32B</string>
					<string>60E3B53826C4BAD446BB35FA</string>
				</array>
				<key>isa</key>
				<string>PBXGroup</string>
				<key>name</key>
				<string>src</string>
				<key>sourceTree</key>
				<string>&lt;group&gt;</string>
			</dict>
			<key>18240ECCE4076FB0833A8578</key>
			<dict>
				<key>children</key>
				<array>
					<string>219374A14594D121F27FED3A</string>
				</array>
				<key>isa</key>
				<string>PBXGroup</string>
				<key>name</key>
				<string>ofxNetwork</string>
				<key>sourceTree</key>
				<string>&lt;group&gt;</string>
			</dict>
			<key>2F84E7DC40A0E05B51F01E40</key>
			<dict>
				<key>explicitFileType</key>
				<string>sourcecode.c.h</string>
				<key>fileEncoding</key>
				<string>30</string>
				<key>isa</key>
				<string>PBXFileReference</string>
				<key>name</key>
				<string>ofxNetwork.h</string>
				<key>path</key>
				<string>../../../../addons/ofxNetwork/src/ofxNetwork.h</string>
				<key>sourceTree</key>
				<string>SOURCE_ROOT</string>
			</dict>
			<key>CCDC6F9CCF925CC402160B85</key>
			<dict>
				<key>children</key>
				<array>
					<string>D55D02C18CE4A7FA07A403B7</string>
				</array>
				<key>isa</key>
				<string>PBXGroup</string>
				<key>name</key>
				<string>src</string>
				<key>sourceTree</key>
				<string>&lt;group&gt;</string>
			</dict>
			<key>0C2C8F82B747F53EA6007BA9</key>
			<dict>
				<key>fileRef</key>
				<string>D55D02C18CE4A7FA07A403B7</string>
				<key>isa</key>
				<string>PBXBuildFile</string>
			</dict>
			<key>D55D02C18CE4A7FA07A403B7</key>
			<dict>
				<key>explicitFileType</key>
				<string>sourcecode.cpp.cpp</string>
				<key>fileEncoding</key>
				<string>30</string>
				<key>isa</key>
				<string>PBXFileReference</string>
				<key>name</key>
				<string>jsoncpp.cpp</string>
				<key>path</key>
				<string>../../../../addons/ofxJSON/libs/jsoncpp/src/jsoncpp.cpp</string>
				<key>sourceTree</key>
				<string>SOURCE_ROOT</string>
			</dict>
			<key>30C55AF5EF70A8FD3B3317E0</key>
			<dict>
				<key>explicitFileType</key>
				<string>sourcecode.c.h</string>
				<key>fileEncoding</key>
				<string>30</string>
				<key>isa</key>
				<string>PBXFileReference</string>
				<key>name</key>
				<string>json.h</string>
				<key>path</key>
				<string>../../../../addons/ofxJSON/libs/jsoncpp/include/json/json.h</string>
				<key>sourceTree</key>
				<string>SOURCE_ROOT</string>
			</dict>
			<key>58AD3BD71B781D9BC25763C8</key>
			<dict>
				<key>children</key>
				<array>
					<string>80322D0F1E79312995C4F0B6</string>
					<string>30C55AF5EF70A8FD3B3317E0</string>
				</array>
				<key>isa</key>
				<string>PBXGroup</string>
				<key>name</key>
				<string>json</string>
				<key>sourceTree</key>
				<string>&lt;group&gt;</string>
			</dict>
			<key>D486FC87F063317BB47E9FAC</key>
			<dict>
				<key>children</key>
				<array>
					<string>58AD3BD71B781D9BC25763C8</string>
				</array>
				<key>isa</key>
				<string>PBXGroup</string>
				<key>name</key>
				<string>include</string>
				<key>sourceTree</key>
				<string>&lt;group&gt;</string>
			</dict>
			<key>977A836DD2C489CCC5E330FF</key>
			<dict>
				<key>children</key>
				<array>
					<string>D486FC87F063317BB47E9FAC</string>
					<string>CCDC6F9CCF925CC402160B85</string>
				</array>
				<key>isa</key>
				<string>PBXGroup</string>
				<key>name</key>
				<string>jsoncpp</string>
				<key>sourceTree</key>
				<string>&lt;group&gt;</string>
			</dict>
			<key>F40E80CB2D443CBA9581DD03</key>
			<dict>
				<key>children</key>
				<array>
					<string>977A836DD2C489CCC5E330FF</string>
				</array>
				<key>isa</key>
				<string>PBXGroup</string>
				<key>name</key>
				<string>libs</string>
				<key>sourceTree</key>
				<string>&lt;group&gt;</string>
			</dict>
			<key>80322D0F1E79312995C4F0B6</key>
			<dict>
				<key>explicitFileType</key>
				<string>sourcecode.c.h</string>
				<key>fileEncoding</key>
				<string>30</string>
				<key>isa</key>
				<string>PBXFileReference</string>
				<key>name</key>
				<string>json-forwards.h</string>
				<key>path</key>
				<string>../../../../addons/ofxJSON/libs/jsoncpp/include/json/json-forwards.h</string>
				<key>sourceTree</key>
				<string>SOURCE_ROOT</string>
			</dict>
			<key>785081894ED0E035B07060DA</key>
			<dict>
				<key>explicitFileType</key>
				<string>sourcecode.c.h</string>
				<key>fileEncoding</key>
				<string>30</string>
				<key>isa</key>
				<string>PBXFileReference</string>
				<key>name</key>
				<string>ofxJSONElement.h</string>
				<key>path</key>
				<string>../../../../addons/ofxJSON/src/ofxJSONElement.h</string>
				<key>sourceTree</key>
				<string>SOURCE_ROOT</string>
			</dict>
			<key>57753805D2FDAD6521FF2A81</key>
			<dict>
				<key>fileRef</key>
				<string>E4ECB0C56B07AE128C7D55CD</string>
				<key>isa</key>
				<string>PBXBuildFile</string>
			</dict>
			<key>E4ECB0C56B07AE128C7D55CD</key>
			<dict>
				<key>explicitFileType</key>
				<string>sourcecode.cpp.cpp</string>
				<key>fileEncoding</key>
				<string>30</string>
				<key>isa</key>
				<string>PBXFileReference</string>
				<key>name</key>
				<string>ofxJSONElement.cpp</string>
				<key>path</key>
				<string>../../../../addons/ofxJSON/src/ofxJSONElement.cpp</string>
				<key>sourceTree</key>
				<string>SOURCE_ROOT</string>
			</dict>
			<key>292AF6148769654D0DF26018</key>
			<dict>
				<key>children</key>
				<array>
					<string>0CF404CC30C22DFC004B4ECE</string>
					<string>E4ECB0C56B07AE128C7D55CD</string>
					<string>785081894ED0E035B07060DA</string>
				</array>
				<key>isa</key>
				<string>PBXGroup</string>
				<key>name</key>
				<string>src</string>
				<key>sourceTree</key>
				<string>&lt;group&gt;</string>
			</dict>
			<key>2865DAEF86B1907A704CA70B</key>
			<dict>
				<key>children</key>
				<array>
					<string>292AF6148769654D0DF26018</string>
					<string>F40E80CB2D443CBA9581DD03</string>
				</array>
				<key>isa</key>
				<string>PBXGroup</string>
				<key>name</key>
				<string>ofxJSON</string>
				<key>sourceTree</key>
				<string>&lt;group&gt;</string>
			</dict>
			<key>0CF404CC30C22DFC004B4ECE</key>
			<dict>
				<key>explicitFileType</key>
				<string>sourcecode.c.h</string>
				<key>fileEncoding</key>
				<string>30</string>
				<key>isa</key>
				<string>PBXFileReference</string>
				<key>name</key>
				<string>ofxJSON.h</string>
				<key>path</key>
				<string>../../../../addons/ofxJSON/src/ofxJSON.h</string>
				<key>sourceTree</key>
				<string>SOURCE_ROOT</string>
			</dict>
			<key>95260D3E470D485F4E7846AD</key>
			<dict>
				<key>explicitFileType</key>
				<string>sourcecode.c.h</string>
				<key>fileEncoding</key>
				<string>30</string>
				<key>isa</key>
				<string>PBXFileReference</string>
				<key>name</key>
				<string>ofxHttpUtils.h</string>
				<key>path</key>
				<string>../../../../addons/ofxHttpUtils/src/ofxHttpUtils.h</string>
				<key>sourceTree</key>
				<string>SOURCE_ROOT</string>
			</dict>
			<key>B2C7DB053A1243C22A738DAB</key>
			<dict>
				<key>fileRef</key>
				<string>0EE4AD1585258B271C207B86</string>
				<key>isa</key>
				<string>PBXBuildFile</string>
			</dict>
			<key>0EE4AD1585258B271C207B86</key>
			<dict>
				<key>explicitFileType</key>
				<string>sourcecode.cpp.cpp</string>
				<key>fileEncoding</key>
				<string>30</string>
				<key>isa</key>
				<string>PBXFileReference</string>
				<key>name</key>
				<string>ofxHttpUtils.cpp</string>
				<key>path</key>
				<string>../../../../addons/ofxHttpUtils/src/ofxHttpUtils.cpp</string>
				<key>sourceTree</key>
				<string>SOURCE_ROOT</string>
			</dict>
			<key>D4E158D6520B43F33443B183</key>
			<dict>
				<key>children</key>
				<array>
					<string>D7ACF974B711078184F86651</string>
					<string>0EE4AD1585258B271C207B86</string>
					<string>95260D3E470D485F4E7846AD</string>
				</array>
				<key>isa</key>
				<string>PBXGroup</string>
				<key>name</key>
				<string>src</string>
				<key>sourceTree</key>
				<string>&lt;group&gt;</string>
			</dict>
			<key>E5DB4E404488AB3319297A7C</key>
			<dict>
				<key>children</key>
				<array>
					<string>D4E158D6520B43F33443B183</string>
				</array>
				<key>isa</key>
				<string>PBXGroup</string>
				<key>name</key>
				<string>ofxHttpUtils</string>
				<key>sourceTree</key>
				<string>&lt;group&gt;</string>
			</dict>
			<key>D7ACF974B711078184F86651</key>
			<dict>
				<key>explicitFileType</key>
				<string>sourcecode.c.h</string>
				<key>fileEncoding</key>
				<string>30</string>
				<key>isa</key>
				<string>PBXFileReference</string>
				<key>name</key>
				<string>ofxHttpTypes.h</string>
				<key>path</key>
				<string>../../../../addons/ofxHttpUtils/src/ofxHttpTypes.h</string>
				<key>sourceTree</key>
				<string>SOURCE_ROOT</string>
			</dict>
			<key>A8ACD41DB0B753BB961BFBCC</key>
			<dict>
				<key>explicitFileType</key>
				<string>sourcecode.c.h</string>
				<key>fileEncoding</key>
				<string>30</string>
				<key>isa</key>
				<string>PBXFileReference</string>
				<key>name</key>
				<string>ofxDatGuiThemes.h</string>
				<key>path</key>
				<string>../../../../addons/ofxDatGui/src/themes/ofxDatGuiThemes.h</string>
				<key>sourceTree</key>
				<string>SOURCE_ROOT</string>
			</dict>
			<key>911FE1C75E520EE70A7B4830</key>
			<dict>
				<key>children</key>
				<array>
					<string>9526AB89FC70FEC9AA92DE97</string>
					<string>A8ACD41DB0B753BB961BFBCC</string>
				</array>
				<key>isa</key>
				<string>PBXGroup</string>
				<key>name</key>
				<string>themes</string>
				<key>sourceTree</key>
				<string>&lt;group&gt;</string>
			</dict>
			<key>9526AB89FC70FEC9AA92DE97</key>
			<dict>
				<key>explicitFileType</key>
				<string>sourcecode.c.h</string>
				<key>fileEncoding</key>
				<string>30</string>
				<key>isa</key>
				<string>PBXFileReference</string>
				<key>name</key>
				<string>ofxDatGuiTheme.h</string>
				<key>path</key>
				<string>../../../../addons/ofxDatGui/src/themes/ofxDatGuiTheme.h</string>
				<key>sourceTree</key>
				<string>SOURCE_ROOT</string>
			</dict>
			<key>570BF763CB5C52B13B6348A3</key>
			<dict>
				<key>explicitFileType</key>
				<string>sourcecode.c.h</string>
				<key>fileEncoding</key>
				<string>30</string>
				<key>isa</key>
				<string>PBXFileReference</string>
				<key>name</key>
				<string>ofxDatGui.h</string>
				<key>path</key>
				<string>../../../../addons/ofxDatGui/src/ofxDatGui.h</string>
				<key>sourceTree</key>
				<string>SOURCE_ROOT</string>
			</dict>
			<key>D76338E76F135DAEA178448E</key>
			<dict>
				<key>fileRef</key>
				<string>9DF538C3EDD35794E38ACF74</string>
				<key>isa</key>
				<string>PBXBuildFile</string>
			</dict>
			<key>9DF538C3EDD35794E38ACF74</key>
			<dict>
				<key>explicitFileType</key>
				<string>sourcecode.cpp.cpp</string>
				<key>fileEncoding</key>
				<string>30</string>
				<key>isa</key>
				<string>PBXFileReference</string>
				<key>name</key>
				<string>ofxDatGui.cpp</string>
				<key>path</key>
				<string>../../../../addons/ofxDatGui/src/ofxDatGui.cpp</string>
				<key>sourceTree</key>
				<string>SOURCE_ROOT</string>
			</dict>
			<key>91C1DC102245A7BDE05C2464</key>
			<dict>
				<key>explicitFileType</key>
				<string>sourcecode.c.h</string>
				<key>fileEncoding</key>
				<string>30</string>
				<key>isa</key>
				<string>PBXFileReference</string>
				<key>name</key>
				<string>ofxDatGuiIntObject.h</string>
				<key>path</key>
				<string>../../../../addons/ofxDatGui/src/core/ofxDatGuiIntObject.h</string>
				<key>sourceTree</key>
				<string>SOURCE_ROOT</string>
			</dict>
			<key>987AEE748088B51C457ABAE3</key>
			<dict>
				<key>explicitFileType</key>
				<string>sourcecode.c.h</string>
				<key>fileEncoding</key>
				<string>30</string>
				<key>isa</key>
				<string>PBXFileReference</string>
				<key>name</key>
				<string>ofxDatGuiEvents.h</string>
				<key>path</key>
				<string>../../../../addons/ofxDatGui/src/core/ofxDatGuiEvents.h</string>
				<key>sourceTree</key>
				<string>SOURCE_ROOT</string>
			</dict>
			<key>DDE2B214AFD47556FF41F4B9</key>
			<dict>
				<key>explicitFileType</key>
				<string>sourcecode.c.h</string>
				<key>fileEncoding</key>
				<string>30</string>
				<key>isa</key>
				<string>PBXFileReference</string>
				<key>name</key>
				<string>ofxDatGuiConstants.h</string>
				<key>path</key>
				<string>../../../../addons/ofxDatGui/src/core/ofxDatGuiConstants.h</string>
				<key>sourceTree</key>
				<string>SOURCE_ROOT</string>
			</dict>
			<key>9C38B7D102BCEF2BD994D794</key>
			<dict>
				<key>explicitFileType</key>
				<string>sourcecode.c.h</string>
				<key>fileEncoding</key>
				<string>30</string>
				<key>isa</key>
				<string>PBXFileReference</string>
				<key>name</key>
				<string>ofxDatGuiComponent.h</string>
				<key>path</key>
				<string>../../../../addons/ofxDatGui/src/core/ofxDatGuiComponent.h</string>
				<key>sourceTree</key>
				<string>SOURCE_ROOT</string>
			</dict>
			<key>8870759BC9CAEA1E4E9EA3A8</key>
			<dict>
				<key>children</key>
				<array>
					<string>7977BFA2D04619BDE038249B</string>
					<string>9C38B7D102BCEF2BD994D794</string>
					<string>DDE2B214AFD47556FF41F4B9</string>
					<string>987AEE748088B51C457ABAE3</string>
					<string>91C1DC102245A7BDE05C2464</string>
				</array>
				<key>isa</key>
				<string>PBXGroup</string>
				<key>name</key>
				<string>core</string>
				<key>sourceTree</key>
				<string>&lt;group&gt;</string>
			</dict>
			<key>3A5B477DCD1A8C65D435E994</key>
			<dict>
				<key>fileRef</key>
				<string>7977BFA2D04619BDE038249B</string>
				<key>isa</key>
				<string>PBXBuildFile</string>
			</dict>
			<key>7977BFA2D04619BDE038249B</key>
			<dict>
				<key>explicitFileType</key>
				<string>sourcecode.cpp.cpp</string>
				<key>fileEncoding</key>
				<string>30</string>
				<key>isa</key>
				<string>PBXFileReference</string>
				<key>name</key>
				<string>ofxDatGuiComponent.cpp</string>
				<key>path</key>
				<string>../../../../addons/ofxDatGui/src/core/ofxDatGuiComponent.cpp</string>
				<key>sourceTree</key>
				<string>SOURCE_ROOT</string>
			</dict>
			<key>CA53D181EF5B4B9FA5BCD6B0</key>
			<dict>
				<key>explicitFileType</key>
				<string>sourcecode.c.h</string>
				<key>fileEncoding</key>
				<string>30</string>
				<key>isa</key>
				<string>PBXFileReference</string>
				<key>name</key>
				<string>ofxDatGuiTimeGraph.h</string>
				<key>path</key>
				<string>../../../../addons/ofxDatGui/src/components/ofxDatGuiTimeGraph.h</string>
				<key>sourceTree</key>
				<string>SOURCE_ROOT</string>
			</dict>
			<key>2A2508E34E6E24788D657EC1</key>
			<dict>
				<key>explicitFileType</key>
				<string>sourcecode.c.h</string>
				<key>fileEncoding</key>
				<string>30</string>
				<key>isa</key>
				<string>PBXFileReference</string>
				<key>name</key>
				<string>ofxDatGuiTextInputField.h</string>
				<key>path</key>
				<string>../../../../addons/ofxDatGui/src/components/ofxDatGuiTextInputField.h</string>
				<key>sourceTree</key>
				<string>SOURCE_ROOT</string>
			</dict>
			<key>9431273D08021ED0AD414E60</key>
			<dict>
				<key>explicitFileType</key>
				<string>sourcecode.c.h</string>
				<key>fileEncoding</key>
				<string>30</string>
				<key>isa</key>
				<string>PBXFileReference</string>
				<key>name</key>
				<string>ofxDatGuiTextInput.h</string>
				<key>path</key>
				<string>../../../../addons/ofxDatGui/src/components/ofxDatGuiTextInput.h</string>
				<key>sourceTree</key>
				<string>SOURCE_ROOT</string>
			</dict>
			<key>72B21B926C0491151D21C460</key>
			<dict>
				<key>explicitFileType</key>
				<string>sourcecode.c.h</string>
				<key>fileEncoding</key>
				<string>30</string>
				<key>isa</key>
				<string>PBXFileReference</string>
				<key>name</key>
				<string>ofxDatGuiSlider.h</string>
				<key>path</key>
				<string>../../../../addons/ofxDatGui/src/components/ofxDatGuiSlider.h</string>
				<key>sourceTree</key>
				<string>SOURCE_ROOT</string>
			</dict>
			<key>26DD93A893C0E02432411E1D</key>
			<dict>
				<key>explicitFileType</key>
				<string>sourcecode.c.h</string>
				<key>fileEncoding</key>
				<string>30</string>
				<key>isa</key>
				<string>PBXFileReference</string>
				<key>name</key>
				<string>ofxDatGuiScrollView.h</string>
				<key>path</key>
				<string>../../../../addons/ofxDatGui/src/components/ofxDatGuiScrollView.h</string>
				<key>sourceTree</key>
				<string>SOURCE_ROOT</string>
			</dict>
			<key>8096418B4B00C47593E11460</key>
			<dict>
				<key>explicitFileType</key>
				<string>sourcecode.c.h</string>
				<key>fileEncoding</key>
				<string>30</string>
				<key>isa</key>
				<string>PBXFileReference</string>
				<key>name</key>
				<string>ofxDatGuiMatrix.h</string>
				<key>path</key>
				<string>../../../../addons/ofxDatGui/src/components/ofxDatGuiMatrix.h</string>
				<key>sourceTree</key>
				<string>SOURCE_ROOT</string>
			</dict>
			<key>453D34B0B6EEBC4528AE5B75</key>
			<dict>
				<key>explicitFileType</key>
				<string>sourcecode.c.h</string>
				<key>fileEncoding</key>
				<string>30</string>
				<key>isa</key>
				<string>PBXFileReference</string>
				<key>name</key>
				<string>ofxDatGuiLabel.h</string>
				<key>path</key>
				<string>../../../../addons/ofxDatGui/src/components/ofxDatGuiLabel.h</string>
				<key>sourceTree</key>
				<string>SOURCE_ROOT</string>
			</dict>
			<key>6686FE30BD04DEE9431C5883</key>
			<dict>
				<key>explicitFileType</key>
				<string>sourcecode.c.h</string>
				<key>fileEncoding</key>
				<string>30</string>
				<key>isa</key>
				<string>PBXFileReference</string>
				<key>name</key>
				<string>ofxDatGuiGroups.h</string>
				<key>path</key>
				<string>../../../../addons/ofxDatGui/src/components/ofxDatGuiGroups.h</string>
				<key>sourceTree</key>
				<string>SOURCE_ROOT</string>
			</dict>
			<key>E7B0F5D92AD0C051200237B9</key>
			<dict>
				<key>explicitFileType</key>
				<string>sourcecode.c.h</string>
				<key>fileEncoding</key>
				<string>30</string>
				<key>isa</key>
				<string>PBXFileReference</string>
				<key>name</key>
				<string>ofxDatGuiFRM.h</string>
				<key>path</key>
				<string>../../../../addons/ofxDatGui/src/components/ofxDatGuiFRM.h</string>
				<key>sourceTree</key>
				<string>SOURCE_ROOT</string>
			</dict>
			<key>214C6F6E5F1CB27A6EA37098</key>
			<dict>
				<key>explicitFileType</key>
				<string>sourcecode.c.h</string>
				<key>fileEncoding</key>
				<string>30</string>
				<key>isa</key>
				<string>PBXFileReference</string>
				<key>name</key>
				<string>ofxDatGuiControls.h</string>
				<key>path</key>
				<string>../../../../addons/ofxDatGui/src/components/ofxDatGuiControls.h</string>
				<key>sourceTree</key>
				<string>SOURCE_ROOT</string>
			</dict>
			<key>3C0BF18B376CFFC383AC6854</key>
			<dict>
				<key>explicitFileType</key>
				<string>sourcecode.c.h</string>
				<key>fileEncoding</key>
				<string>30</string>
				<key>isa</key>
				<string>PBXFileReference</string>
				<key>name</key>
				<string>ofxDatGuiColorPicker.h</string>
				<key>path</key>
				<string>../../../../addons/ofxDatGui/src/components/ofxDatGuiColorPicker.h</string>
				<key>sourceTree</key>
				<string>SOURCE_ROOT</string>
			</dict>
			<key>12C4CE5660C937BE065F9D56</key>
			<dict>
				<key>explicitFileType</key>
				<string>sourcecode.c.h</string>
				<key>fileEncoding</key>
				<string>30</string>
				<key>isa</key>
				<string>PBXFileReference</string>
				<key>name</key>
				<string>ofxDatGuiButton.h</string>
				<key>path</key>
				<string>../../../../addons/ofxDatGui/src/components/ofxDatGuiButton.h</string>
				<key>sourceTree</key>
				<string>SOURCE_ROOT</string>
			</dict>
			<key>947FCD1248D8B0A16B53C1AA</key>
			<dict>
				<key>children</key>
				<array>
					<string>024C4898471D7DAD757012D5</string>
					<string>12C4CE5660C937BE065F9D56</string>
					<string>3C0BF18B376CFFC383AC6854</string>
					<string>214C6F6E5F1CB27A6EA37098</string>
					<string>E7B0F5D92AD0C051200237B9</string>
					<string>6686FE30BD04DEE9431C5883</string>
					<string>453D34B0B6EEBC4528AE5B75</string>
					<string>8096418B4B00C47593E11460</string>
					<string>26DD93A893C0E02432411E1D</string>
					<string>72B21B926C0491151D21C460</string>
					<string>9431273D08021ED0AD414E60</string>
					<string>2A2508E34E6E24788D657EC1</string>
					<string>CA53D181EF5B4B9FA5BCD6B0</string>
				</array>
				<key>isa</key>
				<string>PBXGroup</string>
				<key>name</key>
				<string>components</string>
				<key>sourceTree</key>
				<string>&lt;group&gt;</string>
			</dict>
			<key>E9B32C117486580389FAFF01</key>
			<dict>
				<key>children</key>
				<array>
					<string>947FCD1248D8B0A16B53C1AA</string>
					<string>8870759BC9CAEA1E4E9EA3A8</string>
					<string>9DF538C3EDD35794E38ACF74</string>
					<string>570BF763CB5C52B13B6348A3</string>
					<string>911FE1C75E520EE70A7B4830</string>
				</array>
				<key>isa</key>
				<string>PBXGroup</string>
				<key>name</key>
				<string>src</string>
				<key>sourceTree</key>
				<string>&lt;group&gt;</string>
			</dict>
			<key>D8DD1043C333F6F63C8685E6</key>
			<dict>
				<key>children</key>
				<array>
					<string>E9B32C117486580389FAFF01</string>
				</array>
				<key>isa</key>
				<string>PBXGroup</string>
				<key>name</key>
				<string>ofxDatGui</string>
				<key>sourceTree</key>
				<string>&lt;group&gt;</string>
			</dict>
			<key>024C4898471D7DAD757012D5</key>
			<dict>
				<key>explicitFileType</key>
				<string>sourcecode.c.h</string>
				<key>fileEncoding</key>
				<string>30</string>
				<key>isa</key>
				<string>PBXFileReference</string>
				<key>name</key>
				<string>ofxDatGui2dPad.h</string>
				<key>path</key>
				<string>../../../../addons/ofxDatGui/src/components/ofxDatGui2dPad.h</string>
				<key>sourceTree</key>
				<string>SOURCE_ROOT</string>
			</dict>
			<key>BB4B014C10F69532006C3DED</key>
			<dict>
				<key>children</key>
				<array>
					<string>D8DD1043C333F6F63C8685E6</string>
					<string>E5DB4E404488AB3319297A7C</string>
					<string>2865DAEF86B1907A704CA70B</string>
					<string>18240ECCE4076FB0833A8578</string>
					<string>1F293A20D2B096D59C4F24DD</string>
				</array>
				<key>isa</key>
				<string>PBXGroup</string>
				<key>name</key>
				<string>addons</string>
				<key>sourceTree</key>
				<string>&lt;group&gt;</string>
			</dict>
			<key>6948EE371B920CB800B5AC1A</key>
			<dict>
				<key>children</key>
				<array />
				<key>isa</key>
				<string>PBXGroup</string>
				<key>name</key>
				<string>local_addons</string>
				<key>sourceTree</key>
				<string>&lt;group&gt;</string>
			</dict>
			<key>E4328143138ABC890047C5CB</key>
			<dict>
				<key>isa</key>
				<string>PBXFileReference</string>
				<key>lastKnownFileType</key>
				<string>wrapper.pb-project</string>
				<key>name</key>
				<string>openFrameworksLib.xcodeproj</string>
				<key>path</key>
				<string>../../../../libs/openFrameworksCompiled/project/osx/openFrameworksLib.xcodeproj</string>
				<key>sourceTree</key>
				<string>SOURCE_ROOT</string>
			</dict>
			<key>E4328144138ABC890047C5CB</key>
			<dict>
				<key>children</key>
				<array>
					<string>E4328148138ABC890047C5CB</string>
				</array>
				<key>isa</key>
				<string>PBXGroup</string>
				<key>name</key>
				<string>Products</string>
				<key>sourceTree</key>
				<string>&lt;group&gt;</string>
			</dict>
			<key>E4328147138ABC890047C5CB</key>
			<dict>
				<key>containerPortal</key>
				<string>E4328143138ABC890047C5CB</string>
				<key>isa</key>
				<string>PBXContainerItemProxy</string>
				<key>proxyType</key>
				<string>2</string>
				<key>remoteGlobalIDString</key>
				<string>E4B27C1510CBEB8E00536013</string>
				<key>remoteInfo</key>
				<string>openFrameworks</string>
			</dict>
			<key>E4328148138ABC890047C5CB</key>
			<dict>
				<key>fileType</key>
				<string>archive.ar</string>
				<key>isa</key>
				<string>PBXReferenceProxy</string>
				<key>path</key>
				<string>openFrameworksDebug.a</string>
				<key>remoteRef</key>
				<string>E4328147138ABC890047C5CB</string>
				<key>sourceTree</key>
				<string>BUILT_PRODUCTS_DIR</string>
			</dict>
			<key>E4328149138ABC9F0047C5CB</key>
			<dict>
				<key>fileRef</key>
				<string>E4328148138ABC890047C5CB</string>
				<key>isa</key>
				<string>PBXBuildFile</string>
			</dict>
			<key>E4B69B4A0A3A1720003C02F2</key>
			<dict>
				<key>children</key>
				<array>
					<string>E4B6FCAD0C3E899E008CF71C</string>
					<string>E4EB6923138AFD0F00A09F29</string>
					<string>E4B69E1C0A3A1BDC003C02F2</string>
					<string>E4EEC9E9138DF44700A80321</string>
					<string>BB4B014C10F69532006C3DED</string>
					<string>6948EE371B920CB800B5AC1A</string>
					<string>E4B69B5B0A3A1756003C02F2</string>
				</array>
				<key>isa</key>
				<string>PBXGroup</string>
				<key>sourceTree</key>
				<string>&lt;group&gt;</string>
			</dict>
			<key>E4B69B4C0A3A1720003C02F2</key>
			<dict>
				<key>attributes</key>
				<dict>
					<key>LastUpgradeCheck</key>
					<string>0600</string>
				</dict>
				<key>buildConfigurationList</key>
				<string>E4B69B4D0A3A1720003C02F2</string>
				<key>compatibilityVersion</key>
				<string>Xcode 3.2</string>
				<key>developmentRegion</key>
				<string>English</string>
				<key>hasScannedForEncodings</key>
				<string>0</string>
				<key>isa</key>
				<string>PBXProject</string>
				<key>knownRegions</key>
				<array>
					<string>English</string>
					<string>Japanese</string>
					<string>French</string>
					<string>German</string>
				</array>
				<key>mainGroup</key>
				<string>E4B69B4A0A3A1720003C02F2</string>
				<key>productRefGroup</key>
				<string>E4B69B4A0A3A1720003C02F2</string>
				<key>projectDirPath</key>
				<string />
				<key>projectReferences</key>
				<array>
					<dict>
						<key>ProductGroup</key>
						<string>E4328144138ABC890047C5CB</string>
						<key>ProjectRef</key>
						<string>E4328143138ABC890047C5CB</string>
					</dict>
				</array>
				<key>projectRoot</key>
				<string />
				<key>targets</key>
				<array>
					<string>E4B69B5A0A3A1756003C02F2</string>
				</array>
			</dict>
			<key>E4B69B4D0A3A1720003C02F2</key>
			<dict>
				<key>buildConfigurations</key>
				<array>
					<string>E4B69B4E0A3A1720003C02F2</string>
					<string>E4B69B4F0A3A1720003C02F2</string>
				</array>
				<key>defaultConfigurationIsVisible</key>
				<string>0</string>
				<key>defaultConfigurationName</key>
				<string>Release</string>
				<key>isa</key>
				<string>XCConfigurationList</string>
			</dict>
			<key>E4B69B4E0A3A1720003C02F2</key>
			<dict>
				<key>baseConfigurationReference</key>
				<string>E4EB6923138AFD0F00A09F29</string>
				<key>buildSettings</key>
				<dict>
					<key>HEADER_SEARCH_PATHS</key>
					<array>
						<string>$(OF_CORE_HEADERS)</string>
						<string>../../../../addons/ofxDatGui/src</string>
						<string>../../../../addons/ofxDatGui/src/components</string>
						<string>../../../../addons/ofxDatGui/src/core</string>
						<string>../../../../addons/ofxDatGui/src/themes</string>
						<string>../../../../addons/ofxHttpUtils/src</string>
						<string>../../../../addons/ofxJSON/libs</string>
						<string>../../../../addons/ofxJSON/libs/jsoncpp</string>
						<string>../../../../addons/ofxJSON/libs/jsoncpp/include</string>
						<string>../../../../addons/ofxJSON/libs/jsoncpp/include/json</string>
						<string>../../../../addons/ofxJSON/libs/jsoncpp/src</string>
						<string>../../../../addons/ofxJSON/src</string>
						<string>../../../../addons/ofxNetwork/src</string>
						<string>../../../../addons/ofxTween/src</string>
						<string>../../../../addons/ofxTween/src/Easings</string>
					</array>
					<key>CONFIGURATION_BUILD_DIR</key>
					<string>$(SRCROOT)/bin/</string>
					<key>COPY_PHASE_STRIP</key>
					<string>NO</string>
					<key>DEAD_CODE_STRIPPING</key>
					<string>YES</string>
					<key>GCC_AUTO_VECTORIZATION</key>
					<string>YES</string>
					<key>GCC_ENABLE_SSE3_EXTENSIONS</key>
					<string>YES</string>
					<key>GCC_ENABLE_SUPPLEMENTAL_SSE3_INSTRUCTIONS</key>
					<string>YES</string>
					<key>GCC_INLINES_ARE_PRIVATE_EXTERN</key>
					<string>NO</string>
					<key>GCC_OPTIMIZATION_LEVEL</key>
					<string>0</string>
					<key>GCC_SYMBOLS_PRIVATE_EXTERN</key>
					<string>NO</string>
					<key>GCC_WARN_ABOUT_DEPRECATED_FUNCTIONS</key>
					<string>YES</string>
					<key>GCC_WARN_ABOUT_INVALID_OFFSETOF_MACRO</key>
					<string>NO</string>
					<key>GCC_WARN_ALLOW_INCOMPLETE_PROTOCOL</key>
					<string>NO</string>
					<key>GCC_WARN_UNINITIALIZED_AUTOS</key>
					<string>NO</string>
					<key>GCC_WARN_UNUSED_VALUE</key>
					<string>NO</string>
					<key>GCC_WARN_UNUSED_VARIABLE</key>
					<string>NO</string>
					<key>MACOSX_DEPLOYMENT_TARGET</key>
					<string>10.8</string>
					<key>ONLY_ACTIVE_ARCH</key>
					<string>YES</string>
					<key>OTHER_CPLUSPLUSFLAGS</key>
					<array>
						<string>-D__MACOSX_CORE__</string>
						<string>-mtune=native</string>
					</array>
					<key>SDKROOT</key>
					<string>macosx</string>
				</dict>
				<key>isa</key>
				<string>XCBuildConfiguration</string>
				<key>name</key>
				<string>Debug</string>
			</dict>
			<key>E4B69B4F0A3A1720003C02F2</key>
			<dict>
				<key>baseConfigurationReference</key>
				<string>E4EB6923138AFD0F00A09F29</string>
				<key>buildSettings</key>
				<dict>
					<key>HEADER_SEARCH_PATHS</key>
					<array>
						<string>$(OF_CORE_HEADERS)</string>
						<string>../../../../addons/ofxDatGui/src</string>
						<string>../../../../addons/ofxDatGui/src/components</string>
						<string>../../../../addons/ofxDatGui/src/core</string>
						<string>../../../../addons/ofxDatGui/src/themes</string>
						<string>../../../../addons/ofxHttpUtils/src</string>
						<string>../../../../addons/ofxJSON/libs</string>
						<string>../../../../addons/ofxJSON/libs/jsoncpp</string>
						<string>../../../../addons/ofxJSON/libs/jsoncpp/include</string>
						<string>../../../../addons/ofxJSON/libs/jsoncpp/include/json</string>
						<string>../../../../addons/ofxJSON/libs/jsoncpp/src</string>
						<string>../../../../addons/ofxJSON/src</string>
						<string>../../../../addons/ofxNetwork/src</string>
						<string>../../../../addons/ofxTween/src</string>
						<string>../../../../addons/ofxTween/src/Easings</string>
					</array>
					<key>CONFIGURATION_BUILD_DIR</key>
					<string>$(SRCROOT)/bin/</string>
					<key>COPY_PHASE_STRIP</key>
					<string>YES</string>
					<key>DEAD_CODE_STRIPPING</key>
					<string>YES</string>
					<key>GCC_AUTO_VECTORIZATION</key>
					<string>YES</string>
					<key>GCC_ENABLE_SSE3_EXTENSIONS</key>
					<string>YES</string>
					<key>GCC_ENABLE_SUPPLEMENTAL_SSE3_INSTRUCTIONS</key>
					<string>YES</string>
					<key>GCC_INLINES_ARE_PRIVATE_EXTERN</key>
					<string>NO</string>
					<key>GCC_OPTIMIZATION_LEVEL</key>
					<string>3</string>
					<key>GCC_SYMBOLS_PRIVATE_EXTERN</key>
					<string>NO</string>
					<key>GCC_UNROLL_LOOPS</key>
					<string>YES</string>
					<key>GCC_WARN_ABOUT_DEPRECATED_FUNCTIONS</key>
					<string>YES</string>
					<key>GCC_WARN_ABOUT_INVALID_OFFSETOF_MACRO</key>
					<string>NO</string>
					<key>GCC_WARN_ALLOW_INCOMPLETE_PROTOCOL</key>
					<string>NO</string>
					<key>GCC_WARN_UNINITIALIZED_AUTOS</key>
					<string>NO</string>
					<key>GCC_WARN_UNUSED_VALUE</key>
					<string>NO</string>
					<key>GCC_WARN_UNUSED_VARIABLE</key>
					<string>NO</string>
					<key>MACOSX_DEPLOYMENT_TARGET</key>
					<string>10.8</string>
					<key>OTHER_CPLUSPLUSFLAGS</key>
					<array>
						<string>-D__MACOSX_CORE__</string>
						<string>-mtune=native</string>
					</array>
					<key>SDKROOT</key>
					<string>macosx</string>
				</dict>
				<key>isa</key>
				<string>XCBuildConfiguration</string>
				<key>name</key>
				<string>Release</string>
			</dict>
			<key>E4B69B580A3A1756003C02F2</key>
			<dict>
				<key>buildActionMask</key>
				<string>2147483647</string>
				<key>files</key>
				<array>
					<string>E4B69E200A3A1BDC003C02F2</string>
					<string>E4B69E210A3A1BDC003C02F2</string>
					<string>3A5B477DCD1A8C65D435E994</string>
					<string>D76338E76F135DAEA178448E</string>
					<string>B2C7DB053A1243C22A738DAB</string>
					<string>57753805D2FDAD6521FF2A81</string>
					<string>0C2C8F82B747F53EA6007BA9</string>
					<string>8FCFCBC716EB09A8D1EF20DF</string>
					<string>0B7A3144BD0BF8CDD536DE68</string>
					<string>94086A44E5B465B303B989B5</string>
					<string>23D388F6E18E81CF0B36A5B5</string>
					<string>1F2524C9643361B25AD6682D</string>
					<string>97EAD59D8036B7711F842AA1</string>
					<string>57A8574977B1119180C8C770</string>
					<string>31D42FFF97F7A6EB7F836DD6</string>
					<string>4E6DDEBE3458B654FFFCE9C4</string>
					<string>0C89869DF25BF22FB5FA5811</string>
					<string>8BE1D9422825BDBA6F96EEFC</string>
					<string>88D149C99AC956E772300E64</string>
					<string>B78B28B461F6B4A3A88BB241</string>
					<string>08E90362EEF2B16C789D481C</string>
					<string>9324D43148AC6592A8BD644F</string>
					<string>98E8801147B3EF88ED0E72C7</string>
					<string>63CEBD0D6130B08B599C6C30</string>
					<string>5714535CC357B29C9BA2C715</string>
				</array>
				<key>isa</key>
				<string>PBXSourcesBuildPhase</string>
				<key>runOnlyForDeploymentPostprocessing</key>
				<string>0</string>
			</dict>
			<key>E4B69B590A3A1756003C02F2</key>
			<dict>
				<key>buildActionMask</key>
				<string>2147483647</string>
				<key>files</key>
				<array>
					<string>E4328149138ABC9F0047C5CB</string>
				</array>
				<key>isa</key>
				<string>PBXFrameworksBuildPhase</string>
				<key>runOnlyForDeploymentPostprocessing</key>
				<string>0</string>
			</dict>
			<key>E4B69B5A0A3A1756003C02F2</key>
			<dict>
				<key>buildConfigurationList</key>
				<string>E4B69B5F0A3A1757003C02F2</string>
				<key>buildPhases</key>
				<array>
					<string>E4B69B580A3A1756003C02F2</string>
					<string>E4B69B590A3A1756003C02F2</string>
					<string>E4B6FFFD0C3F9AB9008CF71C</string>
					<string>E4C2427710CC5ABF004149E2</string>
				</array>
				<key>buildRules</key>
				<array />
				<key>dependencies</key>
				<array>
					<string>E4EEB9AC138B136A00A80321</string>
				</array>
				<key>isa</key>
				<string>PBXNativeTarget</string>
				<key>name</key>
				<string>Stand_and_Stare_Kiosk_Audio_OSX</string>
				<key>productName</key>
				<string>myOFApp</string>
				<key>productReference</key>
				<string>E4B69B5B0A3A1756003C02F2</string>
				<key>productType</key>
				<string>com.apple.product-type.application</string>
			</dict>
			<key>E4B69B5B0A3A1756003C02F2</key>
			<dict>
				<key>explicitFileType</key>
				<string>wrapper.application</string>
				<key>includeInIndex</key>
				<string>0</string>
				<key>isa</key>
				<string>PBXFileReference</string>
				<key>path</key>
				<string>Stand_and_Stare_Kiosk_Audio_OSXDebug.app</string>
				<key>sourceTree</key>
				<string>BUILT_PRODUCTS_DIR</string>
			</dict>
			<key>E4B69B5F0A3A1757003C02F2</key>
			<dict>
				<key>buildConfigurations</key>
				<array>
					<string>E4B69B600A3A1757003C02F2</string>
					<string>E4B69B610A3A1757003C02F2</string>
				</array>
				<key>defaultConfigurationIsVisible</key>
				<string>0</string>
				<key>defaultConfigurationName</key>
				<string>Release</string>
				<key>isa</key>
				<string>XCConfigurationList</string>
			</dict>
			<key>E4B69B600A3A1757003C02F2</key>
			<dict>
				<key>baseConfigurationReference</key>
				<string>E4EB6923138AFD0F00A09F29</string>
				<key>buildSettings</key>
				<dict>
					<key>HEADER_SEARCH_PATHS</key>
					<array>
						<string>$(OF_CORE_HEADERS)</string>
						<string>../../../../addons/ofxDatGui/src</string>
						<string>../../../../addons/ofxDatGui/src/components</string>
						<string>../../../../addons/ofxDatGui/src/core</string>
						<string>../../../../addons/ofxDatGui/src/themes</string>
						<string>../../../../addons/ofxHttpUtils/src</string>
						<string>../../../../addons/ofxJSON/libs</string>
						<string>../../../../addons/ofxJSON/libs/jsoncpp</string>
						<string>../../../../addons/ofxJSON/libs/jsoncpp/include</string>
						<string>../../../../addons/ofxJSON/libs/jsoncpp/include/json</string>
						<string>../../../../addons/ofxJSON/libs/jsoncpp/src</string>
						<string>../../../../addons/ofxJSON/src</string>
						<string>../../../../addons/ofxNetwork/src</string>
						<string>../../../../addons/ofxTween/src</string>
						<string>../../../../addons/ofxTween/src/Easings</string>
					</array>
					<key>COMBINE_HIDPI_IMAGES</key>
					<string>YES</string>
					<key>COPY_PHASE_STRIP</key>
					<string>NO</string>
					<key>FRAMEWORK_SEARCH_PATHS</key>
					<array>
						<string>$(inherited)</string>
						<string>$(FRAMEWORK_SEARCH_PATHS_QUOTED_FOR_TARGET_1)</string>
					</array>
					<key>FRAMEWORK_SEARCH_PATHS_QUOTED_FOR_TARGET_1</key>
					<string>"$(SRCROOT)/../../../../libs/glut/lib/osx"</string>
					<key>GCC_DYNAMIC_NO_PIC</key>
					<string>NO</string>
					<key>GCC_GENERATE_DEBUGGING_SYMBOLS</key>
					<string>YES</string>
					<key>GCC_MODEL_TUNING</key>
					<string>NONE</string>
					<key>ICON</key>
					<string>$(ICON_NAME_DEBUG)</string>
					<key>ICON_FILE</key>
					<string>$(ICON_FILE_PATH)$(ICON)</string>
					<key>INFOPLIST_FILE</key>
					<string>openFrameworks-Info.plist</string>
					<key>INSTALL_PATH</key>
					<string>$(HOME)/Applications</string>
					<key>LIBRARY_SEARCH_PATHS</key>
					<string>$(inherited)</string>
					<key>PRODUCT_NAME</key>
					<string>$(TARGET_NAME)Debug</string>
					<key>WRAPPER_EXTENSION</key>
					<string>app</string>
				</dict>
				<key>isa</key>
				<string>XCBuildConfiguration</string>
				<key>name</key>
				<string>Debug</string>
			</dict>
			<key>E4B69B610A3A1757003C02F2</key>
			<dict>
				<key>baseConfigurationReference</key>
				<string>E4EB6923138AFD0F00A09F29</string>
				<key>buildSettings</key>
				<dict>
					<key>HEADER_SEARCH_PATHS</key>
					<array>
						<string>$(OF_CORE_HEADERS)</string>
						<string>../../../../addons/ofxDatGui/src</string>
						<string>../../../../addons/ofxDatGui/src/components</string>
						<string>../../../../addons/ofxDatGui/src/core</string>
						<string>../../../../addons/ofxDatGui/src/themes</string>
						<string>../../../../addons/ofxHttpUtils/src</string>
						<string>../../../../addons/ofxJSON/libs</string>
						<string>../../../../addons/ofxJSON/libs/jsoncpp</string>
						<string>../../../../addons/ofxJSON/libs/jsoncpp/include</string>
						<string>../../../../addons/ofxJSON/libs/jsoncpp/include/json</string>
						<string>../../../../addons/ofxJSON/libs/jsoncpp/src</string>
						<string>../../../../addons/ofxJSON/src</string>
						<string>../../../../addons/ofxNetwork/src</string>
						<string>../../../../addons/ofxTween/src</string>
						<string>../../../../addons/ofxTween/src/Easings</string>
					</array>
					<key>COMBINE_HIDPI_IMAGES</key>
					<string>YES</string>
					<key>COPY_PHASE_STRIP</key>
					<string>YES</string>
					<key>FRAMEWORK_SEARCH_PATHS</key>
					<array>
						<string>$(inherited)</string>
						<string>$(FRAMEWORK_SEARCH_PATHS_QUOTED_FOR_TARGET_1)</string>
					</array>
					<key>FRAMEWORK_SEARCH_PATHS_QUOTED_FOR_TARGET_1</key>
					<string>"$(SRCROOT)/../../../../libs/glut/lib/osx"</string>
					<key>GCC_GENERATE_DEBUGGING_SYMBOLS</key>
					<string>YES</string>
					<key>GCC_MODEL_TUNING</key>
					<string>NONE</string>
					<key>ICON</key>
					<string>$(ICON_NAME_RELEASE)</string>
					<key>ICON_FILE</key>
					<string>$(ICON_FILE_PATH)$(ICON)</string>
					<key>INFOPLIST_FILE</key>
					<string>openFrameworks-Info.plist</string>
					<key>INSTALL_PATH</key>
					<string>$(HOME)/Applications</string>
					<key>LIBRARY_SEARCH_PATHS</key>
					<string>$(inherited)</string>
					<key>PRODUCT_NAME</key>
					<string>$(TARGET_NAME)</string>
					<key>WRAPPER_EXTENSION</key>
					<string>app</string>
					<key>baseConfigurationReference</key>
					<string>E4EB6923138AFD0F00A09F29</string>
				</dict>
				<key>isa</key>
				<string>XCBuildConfiguration</string>
				<key>name</key>
				<string>Release</string>
			</dict>
			<key>E4B69E1C0A3A1BDC003C02F2</key>
			<dict>
				<key>children</key>
				<array>
					<string>E4B69E1D0A3A1BDC003C02F2</string>
					<string>E4B69E1E0A3A1BDC003C02F2</string>
					<string>E4B69E1F0A3A1BDC003C02F2</string>
				</array>
				<key>isa</key>
				<string>PBXGroup</string>
				<key>path</key>
				<string>src</string>
				<key>sourceTree</key>
				<string>SOURCE_ROOT</string>
			</dict>
			<key>E4B69E1D0A3A1BDC003C02F2</key>
			<dict>
				<key>fileEncoding</key>
				<string>30</string>
				<key>isa</key>
				<string>PBXFileReference</string>
				<key>lastKnownFileType</key>
				<string>sourcecode.cpp.cpp</string>
				<key>name</key>
				<string>main.cpp</string>
				<key>path</key>
				<string>src/main.cpp</string>
				<key>sourceTree</key>
				<string>SOURCE_ROOT</string>
			</dict>
			<key>E4B69E1E0A3A1BDC003C02F2</key>
			<dict>
				<key>explicitFileType</key>
				<string>sourcecode.cpp.cpp</string>
				<key>fileEncoding</key>
				<string>30</string>
				<key>isa</key>
				<string>PBXFileReference</string>
				<key>name</key>
				<string>ofApp.cpp</string>
				<key>path</key>
				<string>src/ofApp.cpp</string>
				<key>sourceTree</key>
				<string>SOURCE_ROOT</string>
			</dict>
			<key>E4B69E1F0A3A1BDC003C02F2</key>
			<dict>
				<key>fileEncoding</key>
				<string>30</string>
				<key>isa</key>
				<string>PBXFileReference</string>
				<key>lastKnownFileType</key>
				<string>sourcecode.c.h</string>
				<key>name</key>
				<string>ofApp.h</string>
				<key>path</key>
				<string>src/ofApp.h</string>
				<key>sourceTree</key>
				<string>SOURCE_ROOT</string>
			</dict>
			<key>E4B69E200A3A1BDC003C02F2</key>
			<dict>
				<key>fileRef</key>
				<string>E4B69E1D0A3A1BDC003C02F2</string>
				<key>isa</key>
				<string>PBXBuildFile</string>
			</dict>
			<key>E4B69E210A3A1BDC003C02F2</key>
			<dict>
				<key>fileRef</key>
				<string>E4B69E1E0A3A1BDC003C02F2</string>
				<key>isa</key>
				<string>PBXBuildFile</string>
			</dict>
			<key>E4B6FCAD0C3E899E008CF71C</key>
			<dict>
				<key>fileEncoding</key>
				<string>30</string>
				<key>isa</key>
				<string>PBXFileReference</string>
				<key>lastKnownFileType</key>
				<string>text.plist.xml</string>
				<key>path</key>
				<string>openFrameworks-Info.plist</string>
				<key>sourceTree</key>
				<string>&lt;group&gt;</string>
			</dict>
			<key>E4B6FFFD0C3F9AB9008CF71C</key>
			<dict>
				<key>buildActionMask</key>
				<string>2147483647</string>
				<key>files</key>
				<array />
				<key>inputPaths</key>
				<array />
				<key>isa</key>
				<string>PBXShellScriptBuildPhase</string>
				<key>outputPaths</key>
				<array />
				<key>runOnlyForDeploymentPostprocessing</key>
				<string>0</string>
				<key>shellPath</key>
				<string>/bin/sh</string>
				<key>shellScript</key>
				<string>rsync -aved ../../../../libs/fmodex/lib/osx/libfmodex.dylib "$TARGET_BUILD_DIR/$PRODUCT_NAME.app/Contents/MacOS/"; install_name_tool -change ./libfmodex.dylib @executable_path/libfmodex.dylib "$TARGET_BUILD_DIR/$PRODUCT_NAME.app/Contents/MacOS/$PRODUCT_NAME";
mkdir -p "$TARGET_BUILD_DIR/$PRODUCT_NAME.app/Contents/Resources/"
rsync -aved "$ICON_FILE" "$TARGET_BUILD_DIR/$PRODUCT_NAME.app/Contents/Resources/"
rsync -aved ../../../../libs/glut/lib/osx/GLUT.framework "$TARGET_BUILD_DIR/$PRODUCT_NAME.app/Contents/Frameworks/"
</string>
			</dict>
			<key>E4C2427710CC5ABF004149E2</key>
			<dict>
				<key>buildActionMask</key>
				<string>2147483647</string>
				<key>dstPath</key>
				<string />
				<key>dstSubfolderSpec</key>
				<string>10</string>
				<key>files</key>
				<array />
				<key>isa</key>
				<string>PBXCopyFilesBuildPhase</string>
				<key>runOnlyForDeploymentPostprocessing</key>
				<string>0</string>
			</dict>
			<key>E4EB691F138AFCF100A09F29</key>
			<dict>
				<key>fileEncoding</key>
				<string>4</string>
				<key>isa</key>
				<string>PBXFileReference</string>
				<key>lastKnownFileType</key>
				<string>text.xcconfig</string>
				<key>name</key>
				<string>CoreOF.xcconfig</string>
				<key>path</key>
				<string>../../../../libs/openFrameworksCompiled/project/osx/CoreOF.xcconfig</string>
				<key>sourceTree</key>
				<string>SOURCE_ROOT</string>
			</dict>
			<key>E4EB6923138AFD0F00A09F29</key>
			<dict>
				<key>fileEncoding</key>
				<string>4</string>
				<key>isa</key>
				<string>PBXFileReference</string>
				<key>lastKnownFileType</key>
				<string>text.xcconfig</string>
				<key>path</key>
				<string>Project.xcconfig</string>
				<key>sourceTree</key>
				<string>&lt;group&gt;</string>
			</dict>
			<key>E4EEB9AB138B136A00A80321</key>
			<dict>
				<key>containerPortal</key>
				<string>E4328143138ABC890047C5CB</string>
				<key>isa</key>
				<string>PBXContainerItemProxy</string>
				<key>proxyType</key>
				<string>1</string>
				<key>remoteGlobalIDString</key>
				<string>E4B27C1410CBEB8E00536013</string>
				<key>remoteInfo</key>
				<string>openFrameworks</string>
			</dict>
			<key>E4EEB9AC138B136A00A80321</key>
			<dict>
				<key>isa</key>
				<string>PBXTargetDependency</string>
				<key>name</key>
				<string>openFrameworks</string>
				<key>targetProxy</key>
				<string>E4EEB9AB138B136A00A80321</string>
			</dict>
			<key>E4EEC9E9138DF44700A80321</key>
			<dict>
				<key>children</key>
				<array>
					<string>E4EB691F138AFCF100A09F29</string>
					<string>E4328143138ABC890047C5CB</string>
				</array>
				<key>isa</key>
				<string>PBXGroup</string>
				<key>name</key>
				<string>openFrameworks</string>
				<key>sourceTree</key>
				<string>&lt;group&gt;</string>
			</dict>
		</dict>
		<key>rootObject</key>
		<string>E4B69B4C0A3A1720003C02F2</string>
	</dict>
</plist>
